
Microsoft Visual Studio Solution File, Format Version 12.00
# Visual Studio 15
VisualStudioVersion = 15.0.28307.168
MinimumVisualStudioVersion = 10.0.40219.1
Project("{FAE04EC0-301F-11D3-BF4B-00C04F79EFBC}") = "DynamicArrayProject", "DynamicArrayProject\DynamicArrayProject.csproj", "{63E38B5B-AAAC-45C5-B7A8-66EA3926E7AB}"
EndProject
Global
	GlobalSection(SolutionConfigurationPlatforms) = preSolution
		Debug|Any CPU = Debug|Any CPU
		Release|Any CPU = Release|Any CPU
	EndGlobalSection
	GlobalSection(ProjectConfigurationPlatforms) = postSolution
		{63E38B5B-AAAC-45C5-B7A8-66EA3926E7AB}.Debug|Any CPU.ActiveCfg = Debug|Any CPU
		{63E38B5B-AAAC-45C5-B7A8-66EA3926E7AB}.Debug|Any CPU.Build.0 = Debug|Any CPU
		{63E38B5B-AAAC-45C5-B7A8-66EA3926E7AB}.Release|Any CPU.ActiveCfg = Release|Any CPU
		{63E38B5B-AAAC-45C5-B7A8-66EA3926E7AB}.Release|Any CPU.Build.0 = Release|Any CPU
	EndGlobalSection
	GlobalSection(SolutionProperties) = preSolution
		HideSolutionNode = FALSE
	EndGlobalSection
	GlobalSection(ExtensibilityGlobals) = postSolution
		SolutionGuid = {50F29FC1-2097-4A09-B457-6CDECBD81EDF}
	EndGlobalSection
EndGlobal
